
Microsoft Visual Studio Solution File, Format Version 12.00
# Visual Studio Version 17
VisualStudioVersion = 17.11.35327.3
MinimumVisualStudioVersion = 10.0.40219.1
Project("{2150E333-8FDC-42A3-9474-1A3956D46DE8}") = "Элементы решения", "Элементы решения", "{9856E3AB-E546-4F92-B27A-91EB22859DF7}"
	ProjectSection(SolutionItems) = preProject
		README.md = README.md
	EndProjectSection
EndProject
Project("{9A19103F-16F7-4668-BE54-9A1E7A4F7556}") = "RobotBicycle", "src\RobotBicycle\RobotBicycle.csproj", "{4DC9D424-8BCB-45A3-868A-A7250569A9D4}"
EndProject
Project("{2150E333-8FDC-42A3-9474-1A3956D46DE8}") = "src", "src", "{C35B282A-8E8C-4690-ACA4-34852A65616A}"
EndProject
Project("{2150E333-8FDC-42A3-9474-1A3956D46DE8}") = "tests", "tests", "{CA2FA08A-4658-4DC4-A328-1A90F8B5D3AF}"
	ProjectSection(SolutionItems) = preProject
		src\RobotCore\RobotModule\RobotBase.cs = src\RobotCore\RobotModule\RobotBase.cs
	EndProjectSection
EndProject
Project("{9A19103F-16F7-4668-BE54-9A1E7A4F7556}") = "RobotBicycleTests", "tests\RobotBicycleTests\RobotBicycleTests.csproj", "{5941648A-4638-4B07-B1E2-F48CC23DAF3D}"
EndProject
Project("{9A19103F-16F7-4668-BE54-9A1E7A4F7556}") = "Prototype", "src\Prototype\Prototype.csproj", "{97A5480A-A9E7-4E00-9A3C-A7654F1B8055}"
EndProject
Project("{9A19103F-16F7-4668-BE54-9A1E7A4F7556}") = "RobotApp", "src\RobotApp\RobotApp.csproj", "{F05BB4CD-5A45-432A-8761-513219B11986}"
EndProject
Project("{9A19103F-16F7-4668-BE54-9A1E7A4F7556}") = "RobotAppTests", "tests\RobotAppTests\RobotAppTests.csproj", "{D4A9A504-5280-4927-8386-8B71F1914425}"
EndProject
Project("{2150E333-8FDC-42A3-9474-1A3956D46DE8}") = "Archive", "Archive", "{CCD2528B-5E5C-43E7-84A2-CE9700DDE82D}"
EndProject
Project("{9A19103F-16F7-4668-BE54-9A1E7A4F7556}") = "RobotCore", "src\RobotCore\RobotCore.csproj", "{9763E36F-2BBC-4014-A53E-44A6231EB26D}"
EndProject
Project("{9A19103F-16F7-4668-BE54-9A1E7A4F7556}") = "RobotCoreTests", "tests\RobotCoreTests\RobotCoreTests.csproj", "{A0A1F1CA-5655-4523-A42F-284F8E1E3E32}"
EndProject
Global
	GlobalSection(SolutionConfigurationPlatforms) = preSolution
		Debug|Any CPU = Debug|Any CPU
		Release|Any CPU = Release|Any CPU
	EndGlobalSection
	GlobalSection(ProjectConfigurationPlatforms) = postSolution
		{4DC9D424-8BCB-45A3-868A-A7250569A9D4}.Debug|Any CPU.ActiveCfg = Debug|Any CPU
		{4DC9D424-8BCB-45A3-868A-A7250569A9D4}.Debug|Any CPU.Build.0 = Debug|Any CPU
		{4DC9D424-8BCB-45A3-868A-A7250569A9D4}.Release|Any CPU.ActiveCfg = Release|Any CPU
		{4DC9D424-8BCB-45A3-868A-A7250569A9D4}.Release|Any CPU.Build.0 = Release|Any CPU
		{5941648A-4638-4B07-B1E2-F48CC23DAF3D}.Debug|Any CPU.ActiveCfg = Debug|Any CPU
		{5941648A-4638-4B07-B1E2-F48CC23DAF3D}.Debug|Any CPU.Build.0 = Debug|Any CPU
		{5941648A-4638-4B07-B1E2-F48CC23DAF3D}.Release|Any CPU.ActiveCfg = Release|Any CPU
		{5941648A-4638-4B07-B1E2-F48CC23DAF3D}.Release|Any CPU.Build.0 = Release|Any CPU
		{97A5480A-A9E7-4E00-9A3C-A7654F1B8055}.Debug|Any CPU.ActiveCfg = Debug|Any CPU
		{97A5480A-A9E7-4E00-9A3C-A7654F1B8055}.Debug|Any CPU.Build.0 = Debug|Any CPU
		{97A5480A-A9E7-4E00-9A3C-A7654F1B8055}.Release|Any CPU.ActiveCfg = Release|Any CPU
		{97A5480A-A9E7-4E00-9A3C-A7654F1B8055}.Release|Any CPU.Build.0 = Release|Any CPU
		{F05BB4CD-5A45-432A-8761-513219B11986}.Debug|Any CPU.ActiveCfg = Debug|Any CPU
		{F05BB4CD-5A45-432A-8761-513219B11986}.Debug|Any CPU.Build.0 = Debug|Any CPU
		{F05BB4CD-5A45-432A-8761-513219B11986}.Release|Any CPU.ActiveCfg = Release|Any CPU
		{F05BB4CD-5A45-432A-8761-513219B11986}.Release|Any CPU.Build.0 = Release|Any CPU
		{D4A9A504-5280-4927-8386-8B71F1914425}.Debug|Any CPU.ActiveCfg = Debug|Any CPU
		{D4A9A504-5280-4927-8386-8B71F1914425}.Debug|Any CPU.Build.0 = Debug|Any CPU
		{D4A9A504-5280-4927-8386-8B71F1914425}.Release|Any CPU.ActiveCfg = Release|Any CPU
		{D4A9A504-5280-4927-8386-8B71F1914425}.Release|Any CPU.Build.0 = Release|Any CPU
		{9763E36F-2BBC-4014-A53E-44A6231EB26D}.Debug|Any CPU.ActiveCfg = Debug|Any CPU
		{9763E36F-2BBC-4014-A53E-44A6231EB26D}.Debug|Any CPU.Build.0 = Debug|Any CPU
		{9763E36F-2BBC-4014-A53E-44A6231EB26D}.Release|Any CPU.ActiveCfg = Release|Any CPU
		{9763E36F-2BBC-4014-A53E-44A6231EB26D}.Release|Any CPU.Build.0 = Release|Any CPU
		{A0A1F1CA-5655-4523-A42F-284F8E1E3E32}.Debug|Any CPU.ActiveCfg = Debug|Any CPU
		{A0A1F1CA-5655-4523-A42F-284F8E1E3E32}.Debug|Any CPU.Build.0 = Debug|Any CPU
		{A0A1F1CA-5655-4523-A42F-284F8E1E3E32}.Release|Any CPU.ActiveCfg = Release|Any CPU
		{A0A1F1CA-5655-4523-A42F-284F8E1E3E32}.Release|Any CPU.Build.0 = Release|Any CPU
	EndGlobalSection
	GlobalSection(SolutionProperties) = preSolution
		HideSolutionNode = FALSE
	EndGlobalSection
	GlobalSection(NestedProjects) = preSolution
		{4DC9D424-8BCB-45A3-868A-A7250569A9D4} = {C35B282A-8E8C-4690-ACA4-34852A65616A}
		{5941648A-4638-4B07-B1E2-F48CC23DAF3D} = {CA2FA08A-4658-4DC4-A328-1A90F8B5D3AF}
		{97A5480A-A9E7-4E00-9A3C-A7654F1B8055} = {CCD2528B-5E5C-43E7-84A2-CE9700DDE82D}
		{F05BB4CD-5A45-432A-8761-513219B11986} = {C35B282A-8E8C-4690-ACA4-34852A65616A}
		{D4A9A504-5280-4927-8386-8B71F1914425} = {CA2FA08A-4658-4DC4-A328-1A90F8B5D3AF}
		{CCD2528B-5E5C-43E7-84A2-CE9700DDE82D} = {C35B282A-8E8C-4690-ACA4-34852A65616A}
		{9763E36F-2BBC-4014-A53E-44A6231EB26D} = {C35B282A-8E8C-4690-ACA4-34852A65616A}
		{A0A1F1CA-5655-4523-A42F-284F8E1E3E32} = {CA2FA08A-4658-4DC4-A328-1A90F8B5D3AF}
	EndGlobalSection
	GlobalSection(ExtensibilityGlobals) = postSolution
		SolutionGuid = {4BC89E65-944F-498A-93E5-E6F9F0C6EB9E}
	EndGlobalSection
EndGlobal
