
Microsoft Visual Studio Solution File, Format Version 12.00
# Visual Studio Version 17
VisualStudioVersion = 17.11.35327.3
MinimumVisualStudioVersion = 10.0.40219.1
Project("{2150E333-8FDC-42A3-9474-1A3956D46DE8}") = "Элементы решения", "Элементы решения", "{9856E3AB-E546-4F92-B27A-91EB22859DF7}"
	ProjectSection(SolutionItems) = preProject
		README.md = README.md
	EndProjectSection
EndProject
Project("{9A19103F-16F7-4668-BE54-9A1E7A4F7556}") = "RobotBicycle", "src\RobotBicycle\RobotBicycle.csproj", "{4DC9D424-8BCB-45A3-868A-A7250569A9D4}"
EndProject
Project("{2150E333-8FDC-42A3-9474-1A3956D46DE8}") = "src", "src", "{C35B282A-8E8C-4690-ACA4-34852A65616A}"
EndProject
Project("{2150E333-8FDC-42A3-9474-1A3956D46DE8}") = "tests", "tests", "{CA2FA08A-4658-4DC4-A328-1A90F8B5D3AF}"
EndProject
Project("{9A19103F-16F7-4668-BE54-9A1E7A4F7556}") = "RobotBicycleTests", "tests\RobotBicycleTests\RobotBicycleTests.csproj", "{5941648A-4638-4B07-B1E2-F48CC23DAF3D}"
EndProject
Global
	GlobalSection(SolutionConfigurationPlatforms) = preSolution
		Debug|Any CPU = Debug|Any CPU
		Release|Any CPU = Release|Any CPU
	EndGlobalSection
	GlobalSection(ProjectConfigurationPlatforms) = postSolution
		{4DC9D424-8BCB-45A3-868A-A7250569A9D4}.Debug|Any CPU.ActiveCfg = Debug|Any CPU
		{4DC9D424-8BCB-45A3-868A-A7250569A9D4}.Debug|Any CPU.Build.0 = Debug|Any CPU
		{4DC9D424-8BCB-45A3-868A-A7250569A9D4}.Release|Any CPU.ActiveCfg = Release|Any CPU
		{4DC9D424-8BCB-45A3-868A-A7250569A9D4}.Release|Any CPU.Build.0 = Release|Any CPU
		{5941648A-4638-4B07-B1E2-F48CC23DAF3D}.Debug|Any CPU.ActiveCfg = Debug|Any CPU
		{5941648A-4638-4B07-B1E2-F48CC23DAF3D}.Debug|Any CPU.Build.0 = Debug|Any CPU
		{5941648A-4638-4B07-B1E2-F48CC23DAF3D}.Release|Any CPU.ActiveCfg = Release|Any CPU
		{5941648A-4638-4B07-B1E2-F48CC23DAF3D}.Release|Any CPU.Build.0 = Release|Any CPU
	EndGlobalSection
	GlobalSection(SolutionProperties) = preSolution
		HideSolutionNode = FALSE
	EndGlobalSection
	GlobalSection(NestedProjects) = preSolution
		{4DC9D424-8BCB-45A3-868A-A7250569A9D4} = {C35B282A-8E8C-4690-ACA4-34852A65616A}
		{5941648A-4638-4B07-B1E2-F48CC23DAF3D} = {CA2FA08A-4658-4DC4-A328-1A90F8B5D3AF}
	EndGlobalSection
	GlobalSection(ExtensibilityGlobals) = postSolution
		SolutionGuid = {4BC89E65-944F-498A-93E5-E6F9F0C6EB9E}
	EndGlobalSection
EndGlobal
